
Microsoft Visual Studio Solution File, Format Version 12.00
# Visual Studio 14
VisualStudioVersion = 14.0.25420.1
MinimumVisualStudioVersion = 10.0.40219.1
Project("{8BC9CEB8-8B4A-11D0-8D11-00A0C91BC942}") = "ImGuiOrx", "ImGuiOrx\ImGuiOrx.vcxproj", "{52E7ED26-4104-442E-80F3-DA58D403E1EB}"
	ProjectSection(ProjectDependencies) = postProject
		{1C65864E-74AD-D849-ADE7-02411DAEC830} = {1C65864E-74AD-D849-ADE7-02411DAEC830}
	EndProjectSection
EndProject
Project("{2150E333-8FDC-42A3-9474-1A3956D46DE8}") = "Readme", "Readme", "{3A5695C5-DA01-44B9-AF51-A84A6A7D12EB}"
	ProjectSection(SolutionItems) = preProject
		README.md = README.md
	EndProjectSection
EndProject
Project("{8BC9CEB8-8B4A-11D0-8D11-00A0C91BC942}") = "orxLIB", "..\orx\code\build\windows\vs2015\orxLIB.vcxproj", "{56B0739A-2B9B-4848-B8AF-C4A795214D44}"
EndProject
Project("{8BC9CEB8-8B4A-11D0-8D11-00A0C91BC942}") = "orx", "..\orx\code\build\windows\vs2015\orx.vcxproj", "{1C65864E-74AD-D849-ADE7-02411DAEC830}"
	ProjectSection(ProjectDependencies) = postProject
		{56B0739A-2B9B-4848-B8AF-C4A795214D44} = {56B0739A-2B9B-4848-B8AF-C4A795214D44}
	EndProjectSection
EndProject
Global
	GlobalSection(SolutionConfigurationPlatforms) = preSolution
		Core Debug|x64 = Core Debug|x64
		Core Debug|x86 = Core Debug|x86
		Core Profile|x64 = Core Profile|x64
		Core Profile|x86 = Core Profile|x86
		Core Release|x64 = Core Release|x64
		Core Release|x86 = Core Release|x86
		Debug|x64 = Debug|x64
		Debug|x86 = Debug|x86
		Profile|x64 = Profile|x64
		Profile|x86 = Profile|x86
		Release|x64 = Release|x64
		Release|x86 = Release|x86
	EndGlobalSection
	GlobalSection(ProjectConfigurationPlatforms) = postSolution
		{52E7ED26-4104-442E-80F3-DA58D403E1EB}.Core Debug|x64.ActiveCfg = Debug|x64
		{52E7ED26-4104-442E-80F3-DA58D403E1EB}.Core Debug|x64.Build.0 = Debug|x64
		{52E7ED26-4104-442E-80F3-DA58D403E1EB}.Core Debug|x86.ActiveCfg = Debug|Win32
		{52E7ED26-4104-442E-80F3-DA58D403E1EB}.Core Debug|x86.Build.0 = Debug|Win32
		{52E7ED26-4104-442E-80F3-DA58D403E1EB}.Core Profile|x64.ActiveCfg = Release|x64
		{52E7ED26-4104-442E-80F3-DA58D403E1EB}.Core Profile|x64.Build.0 = Release|x64
		{52E7ED26-4104-442E-80F3-DA58D403E1EB}.Core Profile|x86.ActiveCfg = Release|Win32
		{52E7ED26-4104-442E-80F3-DA58D403E1EB}.Core Profile|x86.Build.0 = Release|Win32
		{52E7ED26-4104-442E-80F3-DA58D403E1EB}.Core Release|x64.ActiveCfg = Release|x64
		{52E7ED26-4104-442E-80F3-DA58D403E1EB}.Core Release|x64.Build.0 = Release|x64
		{52E7ED26-4104-442E-80F3-DA58D403E1EB}.Core Release|x86.ActiveCfg = Release|Win32
		{52E7ED26-4104-442E-80F3-DA58D403E1EB}.Core Release|x86.Build.0 = Release|Win32
		{52E7ED26-4104-442E-80F3-DA58D403E1EB}.Debug|x64.ActiveCfg = Debug|x64
		{52E7ED26-4104-442E-80F3-DA58D403E1EB}.Debug|x64.Build.0 = Debug|x64
		{52E7ED26-4104-442E-80F3-DA58D403E1EB}.Debug|x86.ActiveCfg = Debug|Win32
		{52E7ED26-4104-442E-80F3-DA58D403E1EB}.Debug|x86.Build.0 = Debug|Win32
		{52E7ED26-4104-442E-80F3-DA58D403E1EB}.Profile|x64.ActiveCfg = Release|x64
		{52E7ED26-4104-442E-80F3-DA58D403E1EB}.Profile|x64.Build.0 = Release|x64
		{52E7ED26-4104-442E-80F3-DA58D403E1EB}.Profile|x86.ActiveCfg = Release|Win32
		{52E7ED26-4104-442E-80F3-DA58D403E1EB}.Profile|x86.Build.0 = Release|Win32
		{52E7ED26-4104-442E-80F3-DA58D403E1EB}.Release|x64.ActiveCfg = Release|x64
		{52E7ED26-4104-442E-80F3-DA58D403E1EB}.Release|x64.Build.0 = Release|x64
		{52E7ED26-4104-442E-80F3-DA58D403E1EB}.Release|x86.ActiveCfg = Release|Win32
		{52E7ED26-4104-442E-80F3-DA58D403E1EB}.Release|x86.Build.0 = Release|Win32
		{56B0739A-2B9B-4848-B8AF-C4A795214D44}.Core Debug|x64.ActiveCfg = Core Debug|x64
		{56B0739A-2B9B-4848-B8AF-C4A795214D44}.Core Debug|x64.Build.0 = Core Debug|x64
		{56B0739A-2B9B-4848-B8AF-C4A795214D44}.Core Debug|x86.ActiveCfg = Core Debug|Win32
		{56B0739A-2B9B-4848-B8AF-C4A795214D44}.Core Debug|x86.Build.0 = Core Debug|Win32
		{56B0739A-2B9B-4848-B8AF-C4A795214D44}.Core Profile|x64.ActiveCfg = Core Profile|x64
		{56B0739A-2B9B-4848-B8AF-C4A795214D44}.Core Profile|x64.Build.0 = Core Profile|x64
		{56B0739A-2B9B-4848-B8AF-C4A795214D44}.Core Profile|x86.ActiveCfg = Core Profile|Win32
		{56B0739A-2B9B-4848-B8AF-C4A795214D44}.Core Profile|x86.Build.0 = Core Profile|Win32
		{56B0739A-2B9B-4848-B8AF-C4A795214D44}.Core Release|x64.ActiveCfg = Core Release|x64
		{56B0739A-2B9B-4848-B8AF-C4A795214D44}.Core Release|x64.Build.0 = Core Release|x64
		{56B0739A-2B9B-4848-B8AF-C4A795214D44}.Core Release|x86.ActiveCfg = Core Release|Win32
		{56B0739A-2B9B-4848-B8AF-C4A795214D44}.Core Release|x86.Build.0 = Core Release|Win32
		{56B0739A-2B9B-4848-B8AF-C4A795214D44}.Debug|x64.ActiveCfg = Debug|x64
		{56B0739A-2B9B-4848-B8AF-C4A795214D44}.Debug|x64.Build.0 = Debug|x64
		{56B0739A-2B9B-4848-B8AF-C4A795214D44}.Debug|x86.ActiveCfg = Debug|Win32
		{56B0739A-2B9B-4848-B8AF-C4A795214D44}.Debug|x86.Build.0 = Debug|Win32
		{56B0739A-2B9B-4848-B8AF-C4A795214D44}.Profile|x64.ActiveCfg = Profile|x64
		{56B0739A-2B9B-4848-B8AF-C4A795214D44}.Profile|x64.Build.0 = Profile|x64
		{56B0739A-2B9B-4848-B8AF-C4A795214D44}.Profile|x86.ActiveCfg = Profile|Win32
		{56B0739A-2B9B-4848-B8AF-C4A795214D44}.Profile|x86.Build.0 = Profile|Win32
		{56B0739A-2B9B-4848-B8AF-C4A795214D44}.Release|x64.ActiveCfg = Release|x64
		{56B0739A-2B9B-4848-B8AF-C4A795214D44}.Release|x64.Build.0 = Release|x64
		{56B0739A-2B9B-4848-B8AF-C4A795214D44}.Release|x86.ActiveCfg = Release|Win32
		{56B0739A-2B9B-4848-B8AF-C4A795214D44}.Release|x86.Build.0 = Release|Win32
		{1C65864E-74AD-D849-ADE7-02411DAEC830}.Core Debug|x64.ActiveCfg = Core Debug|x64
		{1C65864E-74AD-D849-ADE7-02411DAEC830}.Core Debug|x64.Build.0 = Core Debug|x64
		{1C65864E-74AD-D849-ADE7-02411DAEC830}.Core Debug|x86.ActiveCfg = Core Debug|Win32
		{1C65864E-74AD-D849-ADE7-02411DAEC830}.Core Debug|x86.Build.0 = Core Debug|Win32
		{1C65864E-74AD-D849-ADE7-02411DAEC830}.Core Profile|x64.ActiveCfg = Core Profile|x64
		{1C65864E-74AD-D849-ADE7-02411DAEC830}.Core Profile|x64.Build.0 = Core Profile|x64
		{1C65864E-74AD-D849-ADE7-02411DAEC830}.Core Profile|x86.ActiveCfg = Core Profile|Win32
		{1C65864E-74AD-D849-ADE7-02411DAEC830}.Core Profile|x86.Build.0 = Core Profile|Win32
		{1C65864E-74AD-D849-ADE7-02411DAEC830}.Core Release|x64.ActiveCfg = Core Release|x64
		{1C65864E-74AD-D849-ADE7-02411DAEC830}.Core Release|x64.Build.0 = Core Release|x64
		{1C65864E-74AD-D849-ADE7-02411DAEC830}.Core Release|x86.ActiveCfg = Core Release|Win32
		{1C65864E-74AD-D849-ADE7-02411DAEC830}.Core Release|x86.Build.0 = Core Release|Win32
		{1C65864E-74AD-D849-ADE7-02411DAEC830}.Debug|x64.ActiveCfg = Debug|x64
		{1C65864E-74AD-D849-ADE7-02411DAEC830}.Debug|x64.Build.0 = Debug|x64
		{1C65864E-74AD-D849-ADE7-02411DAEC830}.Debug|x86.ActiveCfg = Debug|Win32
		{1C65864E-74AD-D849-ADE7-02411DAEC830}.Debug|x86.Build.0 = Debug|Win32
		{1C65864E-74AD-D849-ADE7-02411DAEC830}.Profile|x64.ActiveCfg = Profile|x64
		{1C65864E-74AD-D849-ADE7-02411DAEC830}.Profile|x64.Build.0 = Profile|x64
		{1C65864E-74AD-D849-ADE7-02411DAEC830}.Profile|x86.ActiveCfg = Profile|Win32
		{1C65864E-74AD-D849-ADE7-02411DAEC830}.Profile|x86.Build.0 = Profile|Win32
		{1C65864E-74AD-D849-ADE7-02411DAEC830}.Release|x64.ActiveCfg = Release|x64
		{1C65864E-74AD-D849-ADE7-02411DAEC830}.Release|x64.Build.0 = Release|x64
		{1C65864E-74AD-D849-ADE7-02411DAEC830}.Release|x86.ActiveCfg = Release|Win32
		{1C65864E-74AD-D849-ADE7-02411DAEC830}.Release|x86.Build.0 = Release|Win32
	EndGlobalSection
	GlobalSection(SolutionProperties) = preSolution
		HideSolutionNode = FALSE
	EndGlobalSection
EndGlobal
