<?xml version="1.0" encoding="utf-8"?>
<Project ToolsVersion="4.0" xmlns="http://schemas.microsoft.com/developer/msbuild/2003">
  <ItemGroup>
    <Filter Include="Application">
      <UniqueIdentifier>{c233ee63-2be6-4bde-a192-844f531b73cc}</UniqueIdentifier>
    </Filter>
    <Filter Include="Scroll">
      <UniqueIdentifier>{0536d7e5-dfa0-48fb-9fbc-86a2be4b1fee}</UniqueIdentifier>
    </Filter>
    <Filter Include="ImGui">
      <UniqueIdentifier>{b04eaada-d881-46b8-9106-b6eaaad1237a}</UniqueIdentifier>
    </Filter>
    <Filter Include="GameObjects">
      <UniqueIdentifier>{47367abc-2e34-476b-a701-a726843399be}</UniqueIdentifier>
    </Filter>
    <Filter Include="ImGuiOrx">
      <UniqueIdentifier>{03ba6fe4-9a6e-45da-a6ac-442d4658f6a3}</UniqueIdentifier>
    </Filter>
  </ItemGroup>
  <ItemGroup>
    <ClInclude Include="ImGuiOrxTestApplication.h">
      <Filter>Application</Filter>
    </ClInclude>
    <ClInclude Include="Scroll\Scroll.h">
      <Filter>Scroll</Filter>
    </ClInclude>
    <ClInclude Include="Scroll\ScrollBase.h">
      <Filter>Scroll</Filter>
    </ClInclude>
    <ClInclude Include="Scroll\ScrollEd.h">
      <Filter>Scroll</Filter>
    </ClInclude>
    <ClInclude Include="Scroll\ScrollObject.h">
      <Filter>Scroll</Filter>
    </ClInclude>
    <ClInclude Include="ImGui\imconfig.h">
      <Filter>ImGui</Filter>
    </ClInclude>
    <ClInclude Include="ImGui\imgui.h">
      <Filter>ImGui</Filter>
    </ClInclude>
    <ClInclude Include="ImGui\imgui_internal.h">
      <Filter>ImGui</Filter>
    </ClInclude>
    <ClInclude Include="ImGui\stb_rect_pack.h">
      <Filter>ImGui</Filter>
    </ClInclude>
    <ClInclude Include="ImGui\stb_textedit.h">
      <Filter>ImGui</Filter>
    </ClInclude>
    <ClInclude Include="ImGui\stb_truetype.h">
      <Filter>ImGui</Filter>
    </ClInclude>
    <ClInclude Include="EnemyBug.h">
      <Filter>GameObjects</Filter>
    </ClInclude>
    <ClInclude Include="Hero.h">
      <Filter>GameObjects</Filter>
    </ClInclude>
    <ClInclude Include="Soldier.h">
      <Filter>GameObjects</Filter>
    </ClInclude>
    <ClInclude Include="Walls.h">
      <Filter>GameObjects</Filter>
    </ClInclude>
    <ClInclude Include="ImGui_Orx.h">
      <Filter>ImGuiOrx</Filter>
    </ClInclude>
    <ClInclude Include="OrxGuiApplication.h">
      <Filter>Application</Filter>
    </ClInclude>
  </ItemGroup>
  <ItemGroup>
    <ClCompile Include="ImGuiOrxTestApplication.cpp">
      <Filter>Application</Filter>
    </ClCompile>
    <ClCompile Include="ImGui\imgui.cpp">
      <Filter>ImGui</Filter>
    </ClCompile>
    <ClCompile Include="ImGui\imgui_demo.cpp">
      <Filter>ImGui</Filter>
    </ClCompile>
    <ClCompile Include="ImGui\imgui_draw.cpp">
      <Filter>ImGui</Filter>
    </ClCompile>
    <ClCompile Include="EnemyBug.cpp">
      <Filter>GameObjects</Filter>
    </ClCompile>
    <ClCompile Include="Hero.cpp">
      <Filter>GameObjects</Filter>
    </ClCompile>
    <ClCompile Include="Soldier.cpp">
      <Filter>GameObjects</Filter>
    </ClCompile>
    <ClCompile Include="Walls.cpp">
      <Filter>GameObjects</Filter>
    </ClCompile>
    <ClCompile Include="ImGui_Orx.cpp">
      <Filter>ImGuiOrx</Filter>
    </ClCompile>
  </ItemGroup>
  <ItemGroup>
    <None Include="Scroll\Scroll.inl">
      <Filter>Scroll</Filter>
    </None>
    <None Include="Scroll\ScrollBase.inl">
      <Filter>Scroll</Filter>
    </None>
    <None Include="Scroll\ScrollEd.inl">
      <Filter>Scroll</Filter>
    </None>
    <None Include="Scroll\ScrollObject.inl">
      <Filter>Scroll</Filter>
    </None>
    <None Include="ImGuiOrx.ini" />
  </ItemGroup>
</Project>